// !$*UTF8*$!
{
	archiveVersion = 1;
	classes = {
	};
	objectVersion = 46;
	objects = {

/* Begin PBXBuildFile section */
		65001CE4197E440900856F31 /* DFLJoinPlaylistViewController.m in Sources */ = {isa = PBXBuildFile; fileRef = 65001CE3197E440900856F31 /* DFLJoinPlaylistViewController.m */; };
		65001CFF197F928100856F31 /* NSMutableArray+QueueMethods.m in Sources */ = {isa = PBXBuildFile; fileRef = 65001CE7197F928000856F31 /* NSMutableArray+QueueMethods.m */; };
		65001D00197F928100856F31 /* TDAudioFileStream.m in Sources */ = {isa = PBXBuildFile; fileRef = 65001CEA197F928000856F31 /* TDAudioFileStream.m */; };
		65001D01197F928100856F31 /* TDAudioQueue.m in Sources */ = {isa = PBXBuildFile; fileRef = 65001CEC197F928000856F31 /* TDAudioQueue.m */; };
		65001D02197F928100856F31 /* TDAudioQueueBuffer.m in Sources */ = {isa = PBXBuildFile; fileRef = 65001CEE197F928000856F31 /* TDAudioQueueBuffer.m */; };
		65001D03197F928100856F31 /* TDAudioQueueBufferManager.m in Sources */ = {isa = PBXBuildFile; fileRef = 65001CF0197F928000856F31 /* TDAudioQueueBufferManager.m */; };
		65001D04197F928100856F31 /* TDAudioQueueController.m in Sources */ = {isa = PBXBuildFile; fileRef = 65001CF2197F928000856F31 /* TDAudioQueueController.m */; };
		65001D05197F928100856F31 /* TDAudioQueueFiller.m in Sources */ = {isa = PBXBuildFile; fileRef = 65001CF4197F928000856F31 /* TDAudioQueueFiller.m */; };
		65001D06197F928100856F31 /* TDAudioStream.m in Sources */ = {isa = PBXBuildFile; fileRef = 65001CF6197F928000856F31 /* TDAudioStream.m */; };
		65001D07197F928100856F31 /* TDAudioInputStreamer.m in Sources */ = {isa = PBXBuildFile; fileRef = 65001CF8197F928000856F31 /* TDAudioInputStreamer.m */; };
		65001D08197F928100856F31 /* TDAudioOutputStreamer.m in Sources */ = {isa = PBXBuildFile; fileRef = 65001CFA197F928000856F31 /* TDAudioOutputStreamer.m */; };
		65001D09197F928100856F31 /* TDAudioStreamer.m in Sources */ = {isa = PBXBuildFile; fileRef = 65001CFC197F928000856F31 /* TDAudioStreamer.m */; };
		65001D0A197F928100856F31 /* TDAudioStreamerConstants.m in Sources */ = {isa = PBXBuildFile; fileRef = 65001CFE197F928000856F31 /* TDAudioStreamerConstants.m */; };
		65001D0D197F99A400856F31 /* TDSession.m in Sources */ = {isa = PBXBuildFile; fileRef = 65001D0C197F99A400856F31 /* TDSession.m */; };
		65A8DB3C1975E34000AF8DB9 /* Foundation.framework in Frameworks */ = {isa = PBXBuildFile; fileRef = 65A8DB3B1975E34000AF8DB9 /* Foundation.framework */; };
		65A8DB3E1975E34000AF8DB9 /* CoreGraphics.framework in Frameworks */ = {isa = PBXBuildFile; fileRef = 65A8DB3D1975E34000AF8DB9 /* CoreGraphics.framework */; };
		65A8DB401975E34000AF8DB9 /* UIKit.framework in Frameworks */ = {isa = PBXBuildFile; fileRef = 65A8DB3F1975E34000AF8DB9 /* UIKit.framework */; };
		65A8DB461975E34000AF8DB9 /* InfoPlist.strings in Resources */ = {isa = PBXBuildFile; fileRef = 65A8DB441975E34000AF8DB9 /* InfoPlist.strings */; };
		65A8DB481975E34000AF8DB9 /* main.m in Sources */ = {isa = PBXBuildFile; fileRef = 65A8DB471975E34000AF8DB9 /* main.m */; };
		65A8DB4C1975E34000AF8DB9 /* DFLAppDelegate.m in Sources */ = {isa = PBXBuildFile; fileRef = 65A8DB4B1975E34000AF8DB9 /* DFLAppDelegate.m */; };
		65A8DB4E1975E34000AF8DB9 /* Images.xcassets in Resources */ = {isa = PBXBuildFile; fileRef = 65A8DB4D1975E34000AF8DB9 /* Images.xcassets */; };
		65A8DB551975E34100AF8DB9 /* XCTest.framework in Frameworks */ = {isa = PBXBuildFile; fileRef = 65A8DB541975E34100AF8DB9 /* XCTest.framework */; };
		65A8DB561975E34100AF8DB9 /* Foundation.framework in Frameworks */ = {isa = PBXBuildFile; fileRef = 65A8DB3B1975E34000AF8DB9 /* Foundation.framework */; };
		65A8DB571975E34100AF8DB9 /* UIKit.framework in Frameworks */ = {isa = PBXBuildFile; fileRef = 65A8DB3F1975E34000AF8DB9 /* UIKit.framework */; };
		65A8DB5F1975E34100AF8DB9 /* InfoPlist.strings in Resources */ = {isa = PBXBuildFile; fileRef = 65A8DB5D1975E34100AF8DB9 /* InfoPlist.strings */; };
		65A8DB611975E34100AF8DB9 /* SharedPlaylistTests.m in Sources */ = {isa = PBXBuildFile; fileRef = 65A8DB601975E34100AF8DB9 /* SharedPlaylistTests.m */; };
		65A8DB6D1975E4B200AF8DB9 /* Main.storyboard in Resources */ = {isa = PBXBuildFile; fileRef = 65A8DB6C1975E4B200AF8DB9 /* Main.storyboard */; };
		65B59BBF1978865100586E5F /* DFLBuildNewPlaylistViewController.m in Sources */ = {isa = PBXBuildFile; fileRef = 65B59BBE1978865100586E5F /* DFLBuildNewPlaylistViewController.m */; };
		65B59BC21978896700586E5F /* DFLPlaylistObject.m in Sources */ = {isa = PBXBuildFile; fileRef = 65B59BC11978896700586E5F /* DFLPlaylistObject.m */; };
		65B59BC51978906500586E5F /* DFLMainPlaylistViewController.m in Sources */ = {isa = PBXBuildFile; fileRef = 65B59BC41978906500586E5F /* DFLMainPlaylistViewController.m */; };
		65B59BCE1978DB2A00586E5F /* DFLJoinPlaylistTableViewController.m in Sources */ = {isa = PBXBuildFile; fileRef = 65B59BCD1978DB2A00586E5F /* DFLJoinPlaylistTableViewController.m */; };
		65B59BD1197E37D700586E5F /* DFLMultipeerConnectivityHandler.m in Sources */ = {isa = PBXBuildFile; fileRef = 65B59BD0197E37D700586E5F /* DFLMultipeerConnectivityHandler.m */; };
		65FE68301975FBCF005B2394 /* DFLAddTestItemViewController.m in Sources */ = {isa = PBXBuildFile; fileRef = 65FE682F1975FBCF005B2394 /* DFLAddTestItemViewController.m */; };
		65FE68331975FD6E005B2394 /* DFLTestListTableViewController.m in Sources */ = {isa = PBXBuildFile; fileRef = 65FE68321975FD6E005B2394 /* DFLTestListTableViewController.m */; };
		65FE6836197602CF005B2394 /* DFLTestItem.m in Sources */ = {isa = PBXBuildFile; fileRef = 65FE6835197602CF005B2394 /* DFLTestItem.m */; };
/* End PBXBuildFile section */

/* Begin PBXContainerItemProxy section */
		65A8DB581975E34100AF8DB9 /* PBXContainerItemProxy */ = {
			isa = PBXContainerItemProxy;
			containerPortal = 65A8DB301975E34000AF8DB9 /* Project object */;
			proxyType = 1;
			remoteGlobalIDString = 65A8DB371975E34000AF8DB9;
			remoteInfo = SharedPlaylist;
		};
/* End PBXContainerItemProxy section */

/* Begin PBXFileReference section */
		65001CE2197E440900856F31 /* DFLJoinPlaylistViewController.h */ = {isa = PBXFileReference; fileEncoding = 4; lastKnownFileType = sourcecode.c.h; path = DFLJoinPlaylistViewController.h; sourceTree = "<group>"; };
		65001CE3197E440900856F31 /* DFLJoinPlaylistViewController.m */ = {isa = PBXFileReference; fileEncoding = 4; lastKnownFileType = sourcecode.c.objc; path = DFLJoinPlaylistViewController.m; sourceTree = "<group>"; };
		65001CE6197F928000856F31 /* NSMutableArray+QueueMethods.h */ = {isa = PBXFileReference; fileEncoding = 4; lastKnownFileType = sourcecode.c.h; path = "NSMutableArray+QueueMethods.h"; sourceTree = "<group>"; };
		65001CE7197F928000856F31 /* NSMutableArray+QueueMethods.m */ = {isa = PBXFileReference; fileEncoding = 4; lastKnownFileType = sourcecode.c.objc; path = "NSMutableArray+QueueMethods.m"; sourceTree = "<group>"; };
		65001CE9197F928000856F31 /* TDAudioFileStream.h */ = {isa = PBXFileReference; fileEncoding = 4; lastKnownFileType = sourcecode.c.h; path = TDAudioFileStream.h; sourceTree = "<group>"; };
		65001CEA197F928000856F31 /* TDAudioFileStream.m */ = {isa = PBXFileReference; fileEncoding = 4; lastKnownFileType = sourcecode.c.objc; path = TDAudioFileStream.m; sourceTree = "<group>"; };
		65001CEB197F928000856F31 /* TDAudioQueue.h */ = {isa = PBXFileReference; fileEncoding = 4; lastKnownFileType = sourcecode.c.h; path = TDAudioQueue.h; sourceTree = "<group>"; };
		65001CEC197F928000856F31 /* TDAudioQueue.m */ = {isa = PBXFileReference; fileEncoding = 4; lastKnownFileType = sourcecode.c.objc; path = TDAudioQueue.m; sourceTree = "<group>"; };
		65001CED197F928000856F31 /* TDAudioQueueBuffer.h */ = {isa = PBXFileReference; fileEncoding = 4; lastKnownFileType = sourcecode.c.h; path = TDAudioQueueBuffer.h; sourceTree = "<group>"; };
		65001CEE197F928000856F31 /* TDAudioQueueBuffer.m */ = {isa = PBXFileReference; fileEncoding = 4; lastKnownFileType = sourcecode.c.objc; path = TDAudioQueueBuffer.m; sourceTree = "<group>"; };
		65001CEF197F928000856F31 /* TDAudioQueueBufferManager.h */ = {isa = PBXFileReference; fileEncoding = 4; lastKnownFileType = sourcecode.c.h; path = TDAudioQueueBufferManager.h; sourceTree = "<group>"; };
		65001CF0197F928000856F31 /* TDAudioQueueBufferManager.m */ = {isa = PBXFileReference; fileEncoding = 4; lastKnownFileType = sourcecode.c.objc; path = TDAudioQueueBufferManager.m; sourceTree = "<group>"; };
		65001CF1197F928000856F31 /* TDAudioQueueController.h */ = {isa = PBXFileReference; fileEncoding = 4; lastKnownFileType = sourcecode.c.h; path = TDAudioQueueController.h; sourceTree = "<group>"; };
		65001CF2197F928000856F31 /* TDAudioQueueController.m */ = {isa = PBXFileReference; fileEncoding = 4; lastKnownFileType = sourcecode.c.objc; path = TDAudioQueueController.m; sourceTree = "<group>"; };
		65001CF3197F928000856F31 /* TDAudioQueueFiller.h */ = {isa = PBXFileReference; fileEncoding = 4; lastKnownFileType = sourcecode.c.h; path = TDAudioQueueFiller.h; sourceTree = "<group>"; };
		65001CF4197F928000856F31 /* TDAudioQueueFiller.m */ = {isa = PBXFileReference; fileEncoding = 4; lastKnownFileType = sourcecode.c.objc; path = TDAudioQueueFiller.m; sourceTree = "<group>"; };
		65001CF5197F928000856F31 /* TDAudioStream.h */ = {isa = PBXFileReference; fileEncoding = 4; lastKnownFileType = sourcecode.c.h; path = TDAudioStream.h; sourceTree = "<group>"; };
		65001CF6197F928000856F31 /* TDAudioStream.m */ = {isa = PBXFileReference; fileEncoding = 4; lastKnownFileType = sourcecode.c.objc; path = TDAudioStream.m; sourceTree = "<group>"; };
		65001CF7197F928000856F31 /* TDAudioInputStreamer.h */ = {isa = PBXFileReference; fileEncoding = 4; lastKnownFileType = sourcecode.c.h; name = TDAudioInputStreamer.h; path = "../../TDAudioStreamer/TDAudioStreamer-master/TDAudioStreamer/AudioStreamer/TDAudioInputStreamer.h"; sourceTree = "<group>"; };
		65001CF8197F928000856F31 /* TDAudioInputStreamer.m */ = {isa = PBXFileReference; fileEncoding = 4; lastKnownFileType = sourcecode.c.objc; name = TDAudioInputStreamer.m; path = "../../TDAudioStreamer/TDAudioStreamer-master/TDAudioStreamer/AudioStreamer/TDAudioInputStreamer.m"; sourceTree = "<group>"; };
		65001CF9197F928000856F31 /* TDAudioOutputStreamer.h */ = {isa = PBXFileReference; fileEncoding = 4; lastKnownFileType = sourcecode.c.h; name = TDAudioOutputStreamer.h; path = "../../TDAudioStreamer/TDAudioStreamer-master/TDAudioStreamer/AudioStreamer/TDAudioOutputStreamer.h"; sourceTree = "<group>"; };
		65001CFA197F928000856F31 /* TDAudioOutputStreamer.m */ = {isa = PBXFileReference; fileEncoding = 4; lastKnownFileType = sourcecode.c.objc; name = TDAudioOutputStreamer.m; path = "../../TDAudioStreamer/TDAudioStreamer-master/TDAudioStreamer/AudioStreamer/TDAudioOutputStreamer.m"; sourceTree = "<group>"; };
		65001CFB197F928000856F31 /* TDAudioStreamer.h */ = {isa = PBXFileReference; fileEncoding = 4; lastKnownFileType = sourcecode.c.h; name = TDAudioStreamer.h; path = "../../TDAudioStreamer/TDAudioStreamer-master/TDAudioStreamer/AudioStreamer/TDAudioStreamer.h"; sourceTree = "<group>"; };
		65001CFC197F928000856F31 /* TDAudioStreamer.m */ = {isa = PBXFileReference; fileEncoding = 4; lastKnownFileType = sourcecode.c.objc; name = TDAudioStreamer.m; path = "../../TDAudioStreamer/TDAudioStreamer-master/TDAudioStreamer/AudioStreamer/TDAudioStreamer.m"; sourceTree = "<group>"; };
		65001CFD197F928000856F31 /* TDAudioStreamerConstants.h */ = {isa = PBXFileReference; fileEncoding = 4; lastKnownFileType = sourcecode.c.h; name = TDAudioStreamerConstants.h; path = "../../TDAudioStreamer/TDAudioStreamer-master/TDAudioStreamer/AudioStreamer/TDAudioStreamerConstants.h"; sourceTree = "<group>"; };
		65001CFE197F928000856F31 /* TDAudioStreamerConstants.m */ = {isa = PBXFileReference; fileEncoding = 4; lastKnownFileType = sourcecode.c.objc; name = TDAudioStreamerConstants.m; path = "../../TDAudioStreamer/TDAudioStreamer-master/TDAudioStreamer/AudioStreamer/TDAudioStreamerConstants.m"; sourceTree = "<group>"; };
		65001D0B197F99A400856F31 /* TDSession.h */ = {isa = PBXFileReference; fileEncoding = 4; lastKnownFileType = sourcecode.c.h; name = TDSession.h; path = "../TDAudioStreamer/TDAudioStreamer-master/TDAudioStreamer/Classes/TDSession.h"; sourceTree = "<group>"; };
		65001D0C197F99A400856F31 /* TDSession.m */ = {isa = PBXFileReference; fileEncoding = 4; lastKnownFileType = sourcecode.c.objc; name = TDSession.m; path = "../TDAudioStreamer/TDAudioStreamer-master/TDAudioStreamer/Classes/TDSession.m"; sourceTree = "<group>"; };
		65A8DB381975E34000AF8DB9 /* SharedPlaylist.app */ = {isa = PBXFileReference; explicitFileType = wrapper.application; includeInIndex = 0; path = SharedPlaylist.app; sourceTree = BUILT_PRODUCTS_DIR; };
		65A8DB3B1975E34000AF8DB9 /* Foundation.framework */ = {isa = PBXFileReference; lastKnownFileType = wrapper.framework; name = Foundation.framework; path = System/Library/Frameworks/Foundation.framework; sourceTree = SDKROOT; };
		65A8DB3D1975E34000AF8DB9 /* CoreGraphics.framework */ = {isa = PBXFileReference; lastKnownFileType = wrapper.framework; name = CoreGraphics.framework; path = System/Library/Frameworks/CoreGraphics.framework; sourceTree = SDKROOT; };
		65A8DB3F1975E34000AF8DB9 /* UIKit.framework */ = {isa = PBXFileReference; lastKnownFileType = wrapper.framework; name = UIKit.framework; path = System/Library/Frameworks/UIKit.framework; sourceTree = SDKROOT; };
		65A8DB431975E34000AF8DB9 /* SharedPlaylist-Info.plist */ = {isa = PBXFileReference; lastKnownFileType = text.plist.xml; path = "SharedPlaylist-Info.plist"; sourceTree = "<group>"; };
		65A8DB451975E34000AF8DB9 /* en */ = {isa = PBXFileReference; lastKnownFileType = text.plist.strings; name = en; path = en.lproj/InfoPlist.strings; sourceTree = "<group>"; };
		65A8DB471975E34000AF8DB9 /* main.m */ = {isa = PBXFileReference; lastKnownFileType = sourcecode.c.objc; path = main.m; sourceTree = "<group>"; };
		65A8DB491975E34000AF8DB9 /* SharedPlaylist-Prefix.pch */ = {isa = PBXFileReference; lastKnownFileType = sourcecode.c.h; path = "SharedPlaylist-Prefix.pch"; sourceTree = "<group>"; };
		65A8DB4A1975E34000AF8DB9 /* DFLAppDelegate.h */ = {isa = PBXFileReference; lastKnownFileType = sourcecode.c.h; path = DFLAppDelegate.h; sourceTree = "<group>"; };
		65A8DB4B1975E34000AF8DB9 /* DFLAppDelegate.m */ = {isa = PBXFileReference; lastKnownFileType = sourcecode.c.objc; path = DFLAppDelegate.m; sourceTree = "<group>"; };
		65A8DB4D1975E34000AF8DB9 /* Images.xcassets */ = {isa = PBXFileReference; lastKnownFileType = folder.assetcatalog; path = Images.xcassets; sourceTree = "<group>"; };
		65A8DB531975E34100AF8DB9 /* SharedPlaylistTests.xctest */ = {isa = PBXFileReference; explicitFileType = wrapper.cfbundle; includeInIndex = 0; path = SharedPlaylistTests.xctest; sourceTree = BUILT_PRODUCTS_DIR; };
		65A8DB541975E34100AF8DB9 /* XCTest.framework */ = {isa = PBXFileReference; lastKnownFileType = wrapper.framework; name = XCTest.framework; path = Library/Frameworks/XCTest.framework; sourceTree = DEVELOPER_DIR; };
		65A8DB5C1975E34100AF8DB9 /* SharedPlaylistTests-Info.plist */ = {isa = PBXFileReference; lastKnownFileType = text.plist.xml; path = "SharedPlaylistTests-Info.plist"; sourceTree = "<group>"; };
		65A8DB5E1975E34100AF8DB9 /* en */ = {isa = PBXFileReference; lastKnownFileType = text.plist.strings; name = en; path = en.lproj/InfoPlist.strings; sourceTree = "<group>"; };
		65A8DB601975E34100AF8DB9 /* SharedPlaylistTests.m */ = {isa = PBXFileReference; lastKnownFileType = sourcecode.c.objc; path = SharedPlaylistTests.m; sourceTree = "<group>"; };
		65A8DB6C1975E4B200AF8DB9 /* Main.storyboard */ = {isa = PBXFileReference; fileEncoding = 4; lastKnownFileType = file.storyboard; path = Main.storyboard; sourceTree = "<group>"; };
		65B59BBD1978865100586E5F /* DFLBuildNewPlaylistViewController.h */ = {isa = PBXFileReference; fileEncoding = 4; lastKnownFileType = sourcecode.c.h; path = DFLBuildNewPlaylistViewController.h; sourceTree = "<group>"; };
		65B59BBE1978865100586E5F /* DFLBuildNewPlaylistViewController.m */ = {isa = PBXFileReference; fileEncoding = 4; lastKnownFileType = sourcecode.c.objc; path = DFLBuildNewPlaylistViewController.m; sourceTree = "<group>"; };
		65B59BC01978896700586E5F /* DFLPlaylistObject.h */ = {isa = PBXFileReference; fileEncoding = 4; lastKnownFileType = sourcecode.c.h; path = DFLPlaylistObject.h; sourceTree = "<group>"; };
		65B59BC11978896700586E5F /* DFLPlaylistObject.m */ = {isa = PBXFileReference; fileEncoding = 4; lastKnownFileType = sourcecode.c.objc; path = DFLPlaylistObject.m; sourceTree = "<group>"; };
		65B59BC31978906500586E5F /* DFLMainPlaylistViewController.h */ = {isa = PBXFileReference; fileEncoding = 4; lastKnownFileType = sourcecode.c.h; path = DFLMainPlaylistViewController.h; sourceTree = "<group>"; };
		65B59BC41978906500586E5F /* DFLMainPlaylistViewController.m */ = {isa = PBXFileReference; fileEncoding = 4; lastKnownFileType = sourcecode.c.objc; path = DFLMainPlaylistViewController.m; sourceTree = "<group>"; };
		65B59BCC1978DB2A00586E5F /* DFLJoinPlaylistTableViewController.h */ = {isa = PBXFileReference; fileEncoding = 4; lastKnownFileType = sourcecode.c.h; path = DFLJoinPlaylistTableViewController.h; sourceTree = "<group>"; };
		65B59BCD1978DB2A00586E5F /* DFLJoinPlaylistTableViewController.m */ = {isa = PBXFileReference; fileEncoding = 4; lastKnownFileType = sourcecode.c.objc; path = DFLJoinPlaylistTableViewController.m; sourceTree = "<group>"; };
		65B59BCF197E37D700586E5F /* DFLMultipeerConnectivityHandler.h */ = {isa = PBXFileReference; fileEncoding = 4; lastKnownFileType = sourcecode.c.h; path = DFLMultipeerConnectivityHandler.h; sourceTree = "<group>"; };
		65B59BD0197E37D700586E5F /* DFLMultipeerConnectivityHandler.m */ = {isa = PBXFileReference; fileEncoding = 4; lastKnownFileType = sourcecode.c.objc; path = DFLMultipeerConnectivityHandler.m; sourceTree = "<group>"; };
		65FE682E1975FBCF005B2394 /* DFLAddTestItemViewController.h */ = {isa = PBXFileReference; fileEncoding = 4; lastKnownFileType = sourcecode.c.h; path = DFLAddTestItemViewController.h; sourceTree = "<group>"; };
		65FE682F1975FBCF005B2394 /* DFLAddTestItemViewController.m */ = {isa = PBXFileReference; fileEncoding = 4; lastKnownFileType = sourcecode.c.objc; path = DFLAddTestItemViewController.m; sourceTree = "<group>"; };
		65FE68311975FD6E005B2394 /* DFLTestListTableViewController.h */ = {isa = PBXFileReference; fileEncoding = 4; lastKnownFileType = sourcecode.c.h; path = DFLTestListTableViewController.h; sourceTree = "<group>"; };
		65FE68321975FD6E005B2394 /* DFLTestListTableViewController.m */ = {isa = PBXFileReference; fileEncoding = 4; lastKnownFileType = sourcecode.c.objc; path = DFLTestListTableViewController.m; sourceTree = "<group>"; };
		65FE6834197602CF005B2394 /* DFLTestItem.h */ = {isa = PBXFileReference; fileEncoding = 4; lastKnownFileType = sourcecode.c.h; path = DFLTestItem.h; sourceTree = "<group>"; };
		65FE6835197602CF005B2394 /* DFLTestItem.m */ = {isa = PBXFileReference; fileEncoding = 4; lastKnownFileType = sourcecode.c.objc; path = DFLTestItem.m; sourceTree = "<group>"; };
/* End PBXFileReference section */

/* Begin PBXFrameworksBuildPhase section */
		65A8DB351975E34000AF8DB9 /* Frameworks */ = {
			isa = PBXFrameworksBuildPhase;
			buildActionMask = 2147483647;
			files = (
				65A8DB3E1975E34000AF8DB9 /* CoreGraphics.framework in Frameworks */,
				65A8DB401975E34000AF8DB9 /* UIKit.framework in Frameworks */,
				65A8DB3C1975E34000AF8DB9 /* Foundation.framework in Frameworks */,
			);
			runOnlyForDeploymentPostprocessing = 0;
		};
		65A8DB501975E34100AF8DB9 /* Frameworks */ = {
			isa = PBXFrameworksBuildPhase;
			buildActionMask = 2147483647;
			files = (
				65A8DB551975E34100AF8DB9 /* XCTest.framework in Frameworks */,
				65A8DB571975E34100AF8DB9 /* UIKit.framework in Frameworks */,
				65A8DB561975E34100AF8DB9 /* Foundation.framework in Frameworks */,
			);
			runOnlyForDeploymentPostprocessing = 0;
		};
/* End PBXFrameworksBuildPhase section */

/* Begin PBXGroup section */
		65001CE5197F928000856F31 /* Categories */ = {
			isa = PBXGroup;
			children = (
				65001CE6197F928000856F31 /* NSMutableArray+QueueMethods.h */,
				65001CE7197F928000856F31 /* NSMutableArray+QueueMethods.m */,
			);
			name = Categories;
			path = "../../TDAudioStreamer/TDAudioStreamer-master/TDAudioStreamer/AudioStreamer/Categories";
			sourceTree = "<group>";
		};
		65001CE8197F928000856F31 /* Classes */ = {
			isa = PBXGroup;
			children = (
				65001CE9197F928000856F31 /* TDAudioFileStream.h */,
				65001CEA197F928000856F31 /* TDAudioFileStream.m */,
				65001CEB197F928000856F31 /* TDAudioQueue.h */,
				65001CEC197F928000856F31 /* TDAudioQueue.m */,
				65001CED197F928000856F31 /* TDAudioQueueBuffer.h */,
				65001CEE197F928000856F31 /* TDAudioQueueBuffer.m */,
				65001CEF197F928000856F31 /* TDAudioQueueBufferManager.h */,
				65001CF0197F928000856F31 /* TDAudioQueueBufferManager.m */,
				65001CF1197F928000856F31 /* TDAudioQueueController.h */,
				65001CF2197F928000856F31 /* TDAudioQueueController.m */,
				65001CF3197F928000856F31 /* TDAudioQueueFiller.h */,
				65001CF4197F928000856F31 /* TDAudioQueueFiller.m */,
				65001CF5197F928000856F31 /* TDAudioStream.h */,
				65001CF6197F928000856F31 /* TDAudioStream.m */,
			);
			name = Classes;
			path = "../../TDAudioStreamer/TDAudioStreamer-master/TDAudioStreamer/AudioStreamer/Classes";
			sourceTree = "<group>";
		};
		65A8DB2F1975E34000AF8DB9 = {
			isa = PBXGroup;
			children = (
				65001D0B197F99A400856F31 /* TDSession.h */,
				65001D0C197F99A400856F31 /* TDSession.m */,
				65A8DB411975E34000AF8DB9 /* SharedPlaylist */,
				65A8DB5A1975E34100AF8DB9 /* SharedPlaylistTests */,
				65A8DB3A1975E34000AF8DB9 /* Frameworks */,
				65A8DB391975E34000AF8DB9 /* Products */,
			);
			sourceTree = "<group>";
		};
		65A8DB391975E34000AF8DB9 /* Products */ = {
			isa = PBXGroup;
			children = (
				65A8DB381975E34000AF8DB9 /* SharedPlaylist.app */,
				65A8DB531975E34100AF8DB9 /* SharedPlaylistTests.xctest */,
			);
			name = Products;
			sourceTree = "<group>";
		};
		65A8DB3A1975E34000AF8DB9 /* Frameworks */ = {
			isa = PBXGroup;
			children = (
				65A8DB3B1975E34000AF8DB9 /* Foundation.framework */,
				65A8DB3D1975E34000AF8DB9 /* CoreGraphics.framework */,
				65A8DB3F1975E34000AF8DB9 /* UIKit.framework */,
				65A8DB541975E34100AF8DB9 /* XCTest.framework */,
			);
			name = Frameworks;
			sourceTree = "<group>";
		};
		65A8DB411975E34000AF8DB9 /* SharedPlaylist */ = {
			isa = PBXGroup;
			children = (
				65001CE5197F928000856F31 /* Categories */,
				65001CE8197F928000856F31 /* Classes */,
				65001CF7197F928000856F31 /* TDAudioInputStreamer.h */,
				65001CF8197F928000856F31 /* TDAudioInputStreamer.m */,
				65001CF9197F928000856F31 /* TDAudioOutputStreamer.h */,
				65001CFA197F928000856F31 /* TDAudioOutputStreamer.m */,
				65001CFB197F928000856F31 /* TDAudioStreamer.h */,
				65001CFC197F928000856F31 /* TDAudioStreamer.m */,
				65001CFD197F928000856F31 /* TDAudioStreamerConstants.h */,
				65001CFE197F928000856F31 /* TDAudioStreamerConstants.m */,
				65A8DB4A1975E34000AF8DB9 /* DFLAppDelegate.h */,
				65A8DB4B1975E34000AF8DB9 /* DFLAppDelegate.m */,
				65B59BCF197E37D700586E5F /* DFLMultipeerConnectivityHandler.h */,
				65B59BD0197E37D700586E5F /* DFLMultipeerConnectivityHandler.m */,
				65A8DB6C1975E4B200AF8DB9 /* Main.storyboard */,
				65B59BC31978906500586E5F /* DFLMainPlaylistViewController.h */,
				65B59BC41978906500586E5F /* DFLMainPlaylistViewController.m */,
				65B59BC01978896700586E5F /* DFLPlaylistObject.h */,
				65B59BC11978896700586E5F /* DFLPlaylistObject.m */,
				65B59BBD1978865100586E5F /* DFLBuildNewPlaylistViewController.h */,
				65B59BBE1978865100586E5F /* DFLBuildNewPlaylistViewController.m */,
				65FE6834197602CF005B2394 /* DFLTestItem.h */,
				65FE6835197602CF005B2394 /* DFLTestItem.m */,
				65FE68311975FD6E005B2394 /* DFLTestListTableViewController.h */,
				65FE68321975FD6E005B2394 /* DFLTestListTableViewController.m */,
				65FE682E1975FBCF005B2394 /* DFLAddTestItemViewController.h */,
				65FE682F1975FBCF005B2394 /* DFLAddTestItemViewController.m */,
				65B59BCC1978DB2A00586E5F /* DFLJoinPlaylistTableViewController.h */,
				65001CE2197E440900856F31 /* DFLJoinPlaylistViewController.h */,
				65001CE3197E440900856F31 /* DFLJoinPlaylistViewController.m */,
				65B59BCD1978DB2A00586E5F /* DFLJoinPlaylistTableViewController.m */,
				65A8DB4D1975E34000AF8DB9 /* Images.xcassets */,
				65A8DB421975E34000AF8DB9 /* Supporting Files */,
			);
			path = SharedPlaylist;
			sourceTree = "<group>";
		};
		65A8DB421975E34000AF8DB9 /* Supporting Files */ = {
			isa = PBXGroup;
			children = (
				65A8DB431975E34000AF8DB9 /* SharedPlaylist-Info.plist */,
				65A8DB441975E34000AF8DB9 /* InfoPlist.strings */,
				65A8DB471975E34000AF8DB9 /* main.m */,
				65A8DB491975E34000AF8DB9 /* SharedPlaylist-Prefix.pch */,
			);
			name = "Supporting Files";
			sourceTree = "<group>";
		};
		65A8DB5A1975E34100AF8DB9 /* SharedPlaylistTests */ = {
			isa = PBXGroup;
			children = (
				65A8DB601975E34100AF8DB9 /* SharedPlaylistTests.m */,
				65A8DB5B1975E34100AF8DB9 /* Supporting Files */,
			);
			path = SharedPlaylistTests;
			sourceTree = "<group>";
		};
		65A8DB5B1975E34100AF8DB9 /* Supporting Files */ = {
			isa = PBXGroup;
			children = (
				65A8DB5C1975E34100AF8DB9 /* SharedPlaylistTests-Info.plist */,
				65A8DB5D1975E34100AF8DB9 /* InfoPlist.strings */,
			);
			name = "Supporting Files";
			sourceTree = "<group>";
		};
/* End PBXGroup section */

/* Begin PBXNativeTarget section */
		65A8DB371975E34000AF8DB9 /* SharedPlaylist */ = {
			isa = PBXNativeTarget;
			buildConfigurationList = 65A8DB641975E34100AF8DB9 /* Build configuration list for PBXNativeTarget "SharedPlaylist" */;
			buildPhases = (
				65A8DB341975E34000AF8DB9 /* Sources */,
				65A8DB351975E34000AF8DB9 /* Frameworks */,
				65A8DB361975E34000AF8DB9 /* Resources */,
			);
			buildRules = (
			);
			dependencies = (
			);
			name = SharedPlaylist;
			productName = SharedPlaylist;
			productReference = 65A8DB381975E34000AF8DB9 /* SharedPlaylist.app */;
			productType = "com.apple.product-type.application";
		};
		65A8DB521975E34100AF8DB9 /* SharedPlaylistTests */ = {
			isa = PBXNativeTarget;
			buildConfigurationList = 65A8DB671975E34100AF8DB9 /* Build configuration list for PBXNativeTarget "SharedPlaylistTests" */;
			buildPhases = (
				65A8DB4F1975E34100AF8DB9 /* Sources */,
				65A8DB501975E34100AF8DB9 /* Frameworks */,
				65A8DB511975E34100AF8DB9 /* Resources */,
			);
			buildRules = (
			);
			dependencies = (
				65A8DB591975E34100AF8DB9 /* PBXTargetDependency */,
			);
			name = SharedPlaylistTests;
			productName = SharedPlaylistTests;
			productReference = 65A8DB531975E34100AF8DB9 /* SharedPlaylistTests.xctest */;
			productType = "com.apple.product-type.bundle.unit-test";
		};
/* End PBXNativeTarget section */

/* Begin PBXProject section */
		65A8DB301975E34000AF8DB9 /* Project object */ = {
			isa = PBXProject;
			attributes = {
				CLASSPREFIX = DFL;
				LastUpgradeCheck = 0510;
				TargetAttributes = {
					65A8DB521975E34100AF8DB9 = {
						TestTargetID = 65A8DB371975E34000AF8DB9;
					};
				};
			};
			buildConfigurationList = 65A8DB331975E34000AF8DB9 /* Build configuration list for PBXProject "SharedPlaylist" */;
			compatibilityVersion = "Xcode 3.2";
			developmentRegion = English;
			hasScannedForEncodings = 0;
			knownRegions = (
				en,
			);
			mainGroup = 65A8DB2F1975E34000AF8DB9;
			productRefGroup = 65A8DB391975E34000AF8DB9 /* Products */;
			projectDirPath = "";
			projectRoot = "";
			targets = (
				65A8DB371975E34000AF8DB9 /* SharedPlaylist */,
				65A8DB521975E34100AF8DB9 /* SharedPlaylistTests */,
			);
		};
/* End PBXProject section */

/* Begin PBXResourcesBuildPhase section */
		65A8DB361975E34000AF8DB9 /* Resources */ = {
			isa = PBXResourcesBuildPhase;
			buildActionMask = 2147483647;
			files = (
				65A8DB6D1975E4B200AF8DB9 /* Main.storyboard in Resources */,
				65A8DB461975E34000AF8DB9 /* InfoPlist.strings in Resources */,
				65A8DB4E1975E34000AF8DB9 /* Images.xcassets in Resources */,
			);
			runOnlyForDeploymentPostprocessing = 0;
		};
		65A8DB511975E34100AF8DB9 /* Resources */ = {
			isa = PBXResourcesBuildPhase;
			buildActionMask = 2147483647;
			files = (
				65A8DB5F1975E34100AF8DB9 /* InfoPlist.strings in Resources */,
			);
			runOnlyForDeploymentPostprocessing = 0;
		};
/* End PBXResourcesBuildPhase section */

/* Begin PBXSourcesBuildPhase section */
		65A8DB341975E34000AF8DB9 /* Sources */ = {
			isa = PBXSourcesBuildPhase;
			buildActionMask = 2147483647;
			files = (
				65FE68331975FD6E005B2394 /* DFLTestListTableViewController.m in Sources */,
				65001D00197F928100856F31 /* TDAudioFileStream.m in Sources */,
				65001D0D197F99A400856F31 /* TDSession.m in Sources */,
				65001D05197F928100856F31 /* TDAudioQueueFiller.m in Sources */,
				65A8DB481975E34000AF8DB9 /* main.m in Sources */,
				65FE68301975FBCF005B2394 /* DFLAddTestItemViewController.m in Sources */,
				65B59BC21978896700586E5F /* DFLPlaylistObject.m in Sources */,
				65A8DB4C1975E34000AF8DB9 /* DFLAppDelegate.m in Sources */,
				65001D09197F928100856F31 /* TDAudioStreamer.m in Sources */,
				65001D0A197F928100856F31 /* TDAudioStreamerConstants.m in Sources */,
				65001D01197F928100856F31 /* TDAudioQueue.m in Sources */,
				65B59BCE1978DB2A00586E5F /* DFLJoinPlaylistTableViewController.m in Sources */,
				65001CFF197F928100856F31 /* NSMutableArray+QueueMethods.m in Sources */,
				65B59BD1197E37D700586E5F /* DFLMultipeerConnectivityHandler.m in Sources */,
				65001D03197F928100856F31 /* TDAudioQueueBufferManager.m in Sources */,
				65001D08197F928100856F31 /* TDAudioOutputStreamer.m in Sources */,
				65001D06197F928100856F31 /* TDAudioStream.m in Sources */,
				65001CE4197E440900856F31 /* DFLJoinPlaylistViewController.m in Sources */,
				65001D07197F928100856F31 /* TDAudioInputStreamer.m in Sources */,
				65001D02197F928100856F31 /* TDAudioQueueBuffer.m in Sources */,
				65001D04197F928100856F31 /* TDAudioQueueController.m in Sources */,
				65FE6836197602CF005B2394 /* DFLTestItem.m in Sources */,
				65B59BC51978906500586E5F /* DFLMainPlaylistViewController.m in Sources */,
				65B59BBF1978865100586E5F /* DFLBuildNewPlaylistViewController.m in Sources */,
			);
			runOnlyForDeploymentPostprocessing = 0;
		};
		65A8DB4F1975E34100AF8DB9 /* Sources */ = {
			isa = PBXSourcesBuildPhase;
			buildActionMask = 2147483647;
			files = (
				65A8DB611975E34100AF8DB9 /* SharedPlaylistTests.m in Sources */,
			);
			runOnlyForDeploymentPostprocessing = 0;
		};
/* End PBXSourcesBuildPhase section */

/* Begin PBXTargetDependency section */
		65A8DB591975E34100AF8DB9 /* PBXTargetDependency */ = {
			isa = PBXTargetDependency;
			target = 65A8DB371975E34000AF8DB9 /* SharedPlaylist */;
			targetProxy = 65A8DB581975E34100AF8DB9 /* PBXContainerItemProxy */;
		};
/* End PBXTargetDependency section */

/* Begin PBXVariantGroup section */
		65A8DB441975E34000AF8DB9 /* InfoPlist.strings */ = {
			isa = PBXVariantGroup;
			children = (
				65A8DB451975E34000AF8DB9 /* en */,
			);
			name = InfoPlist.strings;
			sourceTree = "<group>";
		};
		65A8DB5D1975E34100AF8DB9 /* InfoPlist.strings */ = {
			isa = PBXVariantGroup;
			children = (
				65A8DB5E1975E34100AF8DB9 /* en */,
			);
			name = InfoPlist.strings;
			sourceTree = "<group>";
		};
/* End PBXVariantGroup section */

/* Begin XCBuildConfiguration section */
		65A8DB621975E34100AF8DB9 /* Debug */ = {
			isa = XCBuildConfiguration;
			buildSettings = {
				ALWAYS_SEARCH_USER_PATHS = NO;
				CLANG_CXX_LANGUAGE_STANDARD = "gnu++0x";
				CLANG_CXX_LIBRARY = "libc++";
				CLANG_ENABLE_MODULES = YES;
				CLANG_ENABLE_OBJC_ARC = YES;
				CLANG_WARN_BOOL_CONVERSION = YES;
				CLANG_WARN_CONSTANT_CONVERSION = YES;
				CLANG_WARN_DIRECT_OBJC_ISA_USAGE = YES_ERROR;
				CLANG_WARN_EMPTY_BODY = YES;
				CLANG_WARN_ENUM_CONVERSION = YES;
				CLANG_WARN_INT_CONVERSION = YES;
				CLANG_WARN_OBJC_ROOT_CLASS = YES_ERROR;
				CLANG_WARN__DUPLICATE_METHOD_MATCH = YES;
				"CODE_SIGN_IDENTITY[sdk=iphoneos*]" = "iPhone Developer";
				COPY_PHASE_STRIP = NO;
				GCC_C_LANGUAGE_STANDARD = gnu99;
				GCC_DYNAMIC_NO_PIC = NO;
				GCC_OPTIMIZATION_LEVEL = 0;
				GCC_PREPROCESSOR_DEFINITIONS = (
					"DEBUG=1",
					"$(inherited)",
				);
				GCC_SYMBOLS_PRIVATE_EXTERN = NO;
				GCC_WARN_64_TO_32_BIT_CONVERSION = YES;
				GCC_WARN_ABOUT_RETURN_TYPE = YES_ERROR;
				GCC_WARN_UNDECLARED_SELECTOR = YES;
				GCC_WARN_UNINITIALIZED_AUTOS = YES_AGGRESSIVE;
				GCC_WARN_UNUSED_FUNCTION = YES;
				GCC_WARN_UNUSED_VARIABLE = YES;
				IPHONEOS_DEPLOYMENT_TARGET = 7.1;
				ONLY_ACTIVE_ARCH = YES;
				SDKROOT = iphoneos;
			};
			name = Debug;
		};
		65A8DB631975E34100AF8DB9 /* Release */ = {
			isa = XCBuildConfiguration;
			buildSettings = {
				ALWAYS_SEARCH_USER_PATHS = NO;
				CLANG_CXX_LANGUAGE_STANDARD = "gnu++0x";
				CLANG_CXX_LIBRARY = "libc++";
				CLANG_ENABLE_MODULES = YES;
				CLANG_ENABLE_OBJC_ARC = YES;
				CLANG_WARN_BOOL_CONVERSION = YES;
				CLANG_WARN_CONSTANT_CONVERSION = YES;
				CLANG_WARN_DIRECT_OBJC_ISA_USAGE = YES_ERROR;
				CLANG_WARN_EMPTY_BODY = YES;
				CLANG_WARN_ENUM_CONVERSION = YES;
				CLANG_WARN_INT_CONVERSION = YES;
				CLANG_WARN_OBJC_ROOT_CLASS = YES_ERROR;
				CLANG_WARN__DUPLICATE_METHOD_MATCH = YES;
				"CODE_SIGN_IDENTITY[sdk=iphoneos*]" = "iPhone Developer";
				COPY_PHASE_STRIP = YES;
				ENABLE_NS_ASSERTIONS = NO;
				GCC_C_LANGUAGE_STANDARD = gnu99;
				GCC_WARN_64_TO_32_BIT_CONVERSION = YES;
				GCC_WARN_ABOUT_RETURN_TYPE = YES_ERROR;
				GCC_WARN_UNDECLARED_SELECTOR = YES;
				GCC_WARN_UNINITIALIZED_AUTOS = YES_AGGRESSIVE;
				GCC_WARN_UNUSED_FUNCTION = YES;
				GCC_WARN_UNUSED_VARIABLE = YES;
				IPHONEOS_DEPLOYMENT_TARGET = 7.1;
				SDKROOT = iphoneos;
				VALIDATE_PRODUCT = YES;
			};
			name = Release;
		};
		65A8DB651975E34100AF8DB9 /* Debug */ = {
			isa = XCBuildConfiguration;
			buildSettings = {
				ASSETCATALOG_COMPILER_APPICON_NAME = AppIcon;
				ASSETCATALOG_COMPILER_LAUNCHIMAGE_NAME = LaunchImage;
				GCC_PRECOMPILE_PREFIX_HEADER = YES;
				GCC_PREFIX_HEADER = "SharedPlaylist/SharedPlaylist-Prefix.pch";
				INFOPLIST_FILE = "SharedPlaylist/SharedPlaylist-Info.plist";
				PRODUCT_NAME = "$(TARGET_NAME)";
				WRAPPER_EXTENSION = app;
			};
			name = Debug;
		};
		65A8DB661975E34100AF8DB9 /* Release */ = {
			isa = XCBuildConfiguration;
			buildSettings = {
				ASSETCATALOG_COMPILER_APPICON_NAME = AppIcon;
				ASSETCATALOG_COMPILER_LAUNCHIMAGE_NAME = LaunchImage;
				GCC_PRECOMPILE_PREFIX_HEADER = YES;
				GCC_PREFIX_HEADER = "SharedPlaylist/SharedPlaylist-Prefix.pch";
				INFOPLIST_FILE = "SharedPlaylist/SharedPlaylist-Info.plist";
				PRODUCT_NAME = "$(TARGET_NAME)";
				WRAPPER_EXTENSION = app;
			};
			name = Release;
		};
		65A8DB681975E34100AF8DB9 /* Debug */ = {
			isa = XCBuildConfiguration;
			buildSettings = {
				BUNDLE_LOADER = "$(BUILT_PRODUCTS_DIR)/SharedPlaylist.app/SharedPlaylist";
				FRAMEWORK_SEARCH_PATHS = (
					"$(SDKROOT)/Developer/Library/Frameworks",
					"$(inherited)",
					"$(DEVELOPER_FRAMEWORKS_DIR)",
				);
				GCC_PRECOMPILE_PREFIX_HEADER = YES;
				GCC_PREFIX_HEADER = "SharedPlaylist/SharedPlaylist-Prefix.pch";
				GCC_PREPROCESSOR_DEFINITIONS = (
					"DEBUG=1",
					"$(inherited)",
				);
				INFOPLIST_FILE = "SharedPlaylistTests/SharedPlaylistTests-Info.plist";
				PRODUCT_NAME = "$(TARGET_NAME)";
				TEST_HOST = "$(BUNDLE_LOADER)";
				WRAPPER_EXTENSION = xctest;
			};
			name = Debug;
		};
		65A8DB691975E34100AF8DB9 /* Release */ = {
			isa = XCBuildConfiguration;
			buildSettings = {
				BUNDLE_LOADER = "$(BUILT_PRODUCTS_DIR)/SharedPlaylist.app/SharedPlaylist";
				FRAMEWORK_SEARCH_PATHS = (
					"$(SDKROOT)/Developer/Library/Frameworks",
					"$(inherited)",
					"$(DEVELOPER_FRAMEWORKS_DIR)",
				);
				GCC_PRECOMPILE_PREFIX_HEADER = YES;
				GCC_PREFIX_HEADER = "SharedPlaylist/SharedPlaylist-Prefix.pch";
				INFOPLIST_FILE = "SharedPlaylistTests/SharedPlaylistTests-Info.plist";
				PRODUCT_NAME = "$(TARGET_NAME)";
				TEST_HOST = "$(BUNDLE_LOADER)";
				WRAPPER_EXTENSION = xctest;
			};
			name = Release;
		};
/* End XCBuildConfiguration section */

/* Begin XCConfigurationList section */
		65A8DB331975E34000AF8DB9 /* Build configuration list for PBXProject "SharedPlaylist" */ = {
			isa = XCConfigurationList;
			buildConfigurations = (
				65A8DB621975E34100AF8DB9 /* Debug */,
				65A8DB631975E34100AF8DB9 /* Release */,
			);
			defaultConfigurationIsVisible = 0;
			defaultConfigurationName = Release;
		};
		65A8DB641975E34100AF8DB9 /* Build configuration list for PBXNativeTarget "SharedPlaylist" */ = {
			isa = XCConfigurationList;
			buildConfigurations = (
				65A8DB651975E34100AF8DB9 /* Debug */,
				65A8DB661975E34100AF8DB9 /* Release */,
			);
			defaultConfigurationIsVisible = 0;
			defaultConfigurationName = Release;
		};
		65A8DB671975E34100AF8DB9 /* Build configuration list for PBXNativeTarget "SharedPlaylistTests" */ = {
			isa = XCConfigurationList;
			buildConfigurations = (
				65A8DB681975E34100AF8DB9 /* Debug */,
				65A8DB691975E34100AF8DB9 /* Release */,
			);
			defaultConfigurationIsVisible = 0;
			defaultConfigurationName = Release;
		};
/* End XCConfigurationList section */
	};
	rootObject = 65A8DB301975E34000AF8DB9 /* Project object */;
}
